{
  "object": {
    "pins": [
      {
        "package": "Authentication",
        "repositoryURL": "https://github.com/Car-Swaddle/Authentication",
        "state": {
          "branch": "master",
          "revision": "97d02cf8334ae4d3a61c717d2acd802cc5df8cdf",
          "version": null
        }
      },
      {
        "package": "CarSwaddleData",
        "repositoryURL": "https://github.com/Car-Swaddle/CarSwaddleData",
        "state": {
          "branch": "master",
          "revision": "50051fafc34080c6ef6305ee069198cbe103a26f",
          "version": null
        }
      },
      {
        "package": "CarSwaddleNetworkRequest",
        "repositoryURL": "https://github.com/Car-Swaddle/CarSwaddleNetworkRequest",
        "state": {
          "branch": "master",
          "revision": "e3313ca9ec09ac4f01483f060e3ea6535d6f2f9d",
          "version": null
        }
      },
      {
        "package": "CarSwaddleStore",
        "repositoryURL": "https://github.com/Car-Swaddle/CarSwaddleStore",
        "state": {
          "branch": "master",
          "revision": "54fd207c5e641fa08655b8f7dbe7e75fd555b883",
          "version": null
        }
      },
      {
        "package": "CarSwaddleUI",
        "repositoryURL": "https://github.com/Car-Swaddle/CarSwaddleUI",
        "state": {
          "branch": "master",
          "revision": "1269ea6ebd34e0dbd0a68cf5ddda464ed3c3e0bc",
          "version": null
        }
      },
      {
        "package": "Disk",
        "repositoryURL": "https://github.com/saoudrizwan/Disk.git",
        "state": {
          "branch": null,
          "revision": "b0cb4fdf23e51849cc2460bdc6de795c3bcca99d",
          "version": "0.6.4"
        }
      },
      {
        "package": "KeychainAccess",
        "repositoryURL": "https://github.com/kishikawakatsumi/KeychainAccess.git",
        "state": {
          "branch": null,
          "revision": "84e546727d66f1adc5439debad16270d0fdd04e7",
          "version": "4.2.2"
        }
      },
      {
        "package": "Lottie",
        "repositoryURL": "https://github.com/airbnb/lottie-ios.git",
        "state": {
          "branch": null,
          "revision": "4e5877425dae5c10792fc9d22d53dc6bf6824dc1",
          "version": "3.1.8"
        }
      },
      {
        "package": "NetworkRequest",
        "repositoryURL": "https://github.com/Car-Swaddle/NetworkRequest",
        "state": {
          "branch": "master",
          "revision": "f146efcf6d0b6b877806b4cd8c04d58f53b3161b",
          "version": null
        }
      }
    ]
  },
  "version": 1
}
